Microsoft Visual Studio Solution File, Format Version 11.00
# Visual Studio 2008

Project("{9BCC9BAE-149E-C2D3-F9AA-172E2B939C6B}") = "proyectoVR", "Assembly-CSharp.csproj", "{8C1F1396-C26B-0D48-8A37-031B04DC1CFD}"
EndProject
Project("{9BCC9BAE-149E-C2D3-F9AA-172E2B939C6B}") = "proyectoVR", "Assembly-CSharp-Editor.csproj", "{659123BC-5979-F0DB-BD2F-FC7A409AFD64}"
EndProject
Global
	GlobalSection(SolutionConfigurationPlatforms) = preSolution
		Debug|Any CPU = Debug|Any CPU
		Release|Any CPU = Release|Any CPU
	EndGlobalSection
	GlobalSection(ProjectConfigurationPlatforms) = postSolution
		{8C1F1396-C26B-0D48-8A37-031B04DC1CFD}.Debug|Any CPU.ActiveCfg = Debug|Any CPU
		{8C1F1396-C26B-0D48-8A37-031B04DC1CFD}.Debug|Any CPU.Build.0 = Debug|Any CPU
		{8C1F1396-C26B-0D48-8A37-031B04DC1CFD}.Release|Any CPU.ActiveCfg = Release|Any CPU
		{8C1F1396-C26B-0D48-8A37-031B04DC1CFD}.Release|Any CPU.Build.0 = Release|Any CPU
		{659123BC-5979-F0DB-BD2F-FC7A409AFD64}.Debug|Any CPU.ActiveCfg = Debug|Any CPU
		{659123BC-5979-F0DB-BD2F-FC7A409AFD64}.Debug|Any CPU.Build.0 = Debug|Any CPU
		{659123BC-5979-F0DB-BD2F-FC7A409AFD64}.Release|Any CPU.ActiveCfg = Release|Any CPU
		{659123BC-5979-F0DB-BD2F-FC7A409AFD64}.Release|Any CPU.Build.0 = Release|Any CPU
	EndGlobalSection
	GlobalSection(SolutionProperties) = preSolution
		HideSolutionNode = FALSE
	EndGlobalSection
	GlobalSection(MonoDevelopProperties) = preSolution
		StartupItem = Assembly-CSharp.csproj
	EndGlobalSection
EndGlobal
