
Microsoft Visual Studio Solution File, Format Version 11.00
# Visual Studio 2010
Project("{FAE04EC0-301F-11D3-BF4B-00C04F79EFBC}") = "TobiiProject", "Assembly-CSharp.csproj", "{251058E0-5954-4F47-F21D-23F76D43D3CE}"
EndProject
Project("{FAE04EC0-301F-11D3-BF4B-00C04F79EFBC}") = "TobiiProject", "Assembly-CSharp-Editor.csproj", "{57792422-7CCF-D518-C162-1F59C306AC1F}"
EndProject
Global
	GlobalSection(SolutionConfigurationPlatforms) = preSolution
		Debug|Any CPU = Debug|Any CPU
		Release|Any CPU = Release|Any CPU
	EndGlobalSection
	GlobalSection(ProjectConfigurationPlatforms) = postSolution
		{251058E0-5954-4F47-F21D-23F76D43D3CE}.Debug|Any CPU.ActiveCfg = Debug|Any CPU
		{251058E0-5954-4F47-F21D-23F76D43D3CE}.Debug|Any CPU.Build.0 = Debug|Any CPU
		{251058E0-5954-4F47-F21D-23F76D43D3CE}.Release|Any CPU.ActiveCfg = Release|Any CPU
		{251058E0-5954-4F47-F21D-23F76D43D3CE}.Release|Any CPU.Build.0 = Release|Any CPU
		{57792422-7CCF-D518-C162-1F59C306AC1F}.Debug|Any CPU.ActiveCfg = Debug|Any CPU
		{57792422-7CCF-D518-C162-1F59C306AC1F}.Debug|Any CPU.Build.0 = Debug|Any CPU
		{57792422-7CCF-D518-C162-1F59C306AC1F}.Release|Any CPU.ActiveCfg = Release|Any CPU
		{57792422-7CCF-D518-C162-1F59C306AC1F}.Release|Any CPU.Build.0 = Release|Any CPU
	EndGlobalSection
	GlobalSection(SolutionProperties) = preSolution
		HideSolutionNode = FALSE
	EndGlobalSection
	GlobalSection(MonoDevelopProperties) = preSolution
		StartupItem = Assembly-CSharp.csproj
	EndGlobalSection
EndGlobal
